{"1.2.0",
[{<<"decimal">>,{pkg,<<"decimal">>,<<"2.0.0">>},0},
 {<<"finch">>,{pkg,<<"finch">>,<<"0.14.0">>},1},
 {<<"google_api_datastore">>,{pkg,<<"google_api_datastore">>,<<"0.20.0">>},0},
 {<<"google_gax">>,{pkg,<<"google_gax">>,<<"0.4.1">>},0},
 {<<"goth">>,{pkg,<<"goth">>,<<"1.3.1">>},0},
 {<<"jason">>,{pkg,<<"jason">>,<<"1.4.0">>},1},
 {<<"jose">>,{pkg,<<"jose">>,<<"1.11.5">>},0},
 {<<"meck">>,{pkg,<<"meck">>,<<"0.9.2">>},0},
 {<<"mime">>,{pkg,<<"mime">>,<<"2.0.3">>},0},
 {<<"opentelemetry_api">>,{pkg,<<"opentelemetry_api">>,<<"1.2.0">>},0},
 {<<"poison">>,{pkg,<<"poison">>,<<"5.0.0">>},0},
 {<<"telemetry">>,{pkg,<<"telemetry">>,<<"1.1.0">>},0}]}.
[
{pkg_hash,[
 {<<"decimal">>, <<"A78296E617B0F5DD4C6CAF57C714431347912FFB1D0842E998E9792B5642D697">>},
 {<<"finch">>, <<"619BFDEE18FC135190BF590356C4BF5D5F71F916ADB12AEC94CAA3FA9267A4BC">>},
 {<<"google_api_datastore">>, <<"E746ED1D2C8DF3565315580E62870594E4D55232A58CB48317AEB8EBA6D53E36">>},
 {<<"google_gax">>, <<"310105070626013712C56F8007B6FF7B4EAD02ECAD1EFE7888350C6EABA52783">>},
 {<<"goth">>, <<"F3E08A7F23EA8992AB92D2E1D5C72EA1A8FBD2FE3A46AD1B08D0620F71374FDC">>},
 {<<"jason">>, <<"E855647BC964A44E2F67DF589CCF49105AE039D4179DB7F6271DFD3843DC27E6">>},
 {<<"jose">>, <<"3BC2D75FFA5E2C941CA93E5696B54978323191988EB8D225C2E663DDFEFD515E">>},
 {<<"meck">>, <<"85CCBAB053F1DB86C7CA240E9FC718170EE5BDA03810A6292B5306BF31BAE5F5">>},
 {<<"mime">>, <<"3676436D3D1F7B81B5A2D2BD8405F412C677558C81B1C92BE58C00562BB59095">>},
 {<<"opentelemetry_api">>, <<"454A35655B4C1924405EF1F3587F2C6F141BF73366B2C5E8A38DCC619B53EAA0">>},
 {<<"poison">>, <<"D2B54589AB4157BBB82EC2050757779BFED724463A544B6E20D79855A9E43B24">>},
 {<<"telemetry">>, <<"A589817034A27EAB11144AD24D5C0F9FAB1F58173274B1E9BAE7074AF9CBEE51">>}]},
{pkg_hash_ext,[
 {<<"decimal">>, <<"34666E9C55DEA81013E77D9D87370FE6CB6291D1EF32F46A1600230B1D44F577">>},
 {<<"finch">>, <<"5459ACAF18C4FDB47A8C22FB3BAFF5D8173106217C8E56C5BA0B93E66501A8DD">>},
 {<<"google_api_datastore">>, <<"149793A5E9B2C9BE6B76177EDD795AB7116956B5686B6A98B918642466597875">>},
 {<<"google_gax">>, <<"AEF7DCE7E04840C0E611F962475E3223D27D50EBD5E7D8E9E963C5E9E3B1CA79">>},
 {<<"goth">>, <<"90326C2C0A7ACDA7FB75FC4A4F0CBA84945D8FCB22694D36C9967CEC8949937C">>},
 {<<"jason">>, <<"79A3791085B2A0F743CA04CEC0F7BE26443738779D09302E01318F97BDB82121">>},
 {<<"jose">>, <<"DCD3B215BAFE02EA7C5B23DAFD3EB8062A5CD8F2D904FD9CAA323D37034AB384">>},
 {<<"meck">>, <<"81344F561357DC40A8344AFA53767C32669153355B626EA9FCBC8DA6B3045826">>},
 {<<"mime">>, <<"27A30BF0DB44D25EECBA73755ACF4068CBFE26A4372F9EB3E4EA3A45956BFF6B">>},
 {<<"opentelemetry_api">>, <<"9E677C68243DE0F70538798072E66E1FB1D4A2CA8888A6EB493C0A41E5480C35">>},
 {<<"poison">>, <<"11DC6117C501B80C62A7594F941D043982A1BD05A1184280C0D9166EB4D8D3FC">>},
 {<<"telemetry">>, <<"B727B2A1F75614774CFF2D7565B64D0DFA5BD52BA517F16543E6FC7EFCC0DF48">>}]}
].
